
Microsoft Visual Studio Solution File, Format Version 12.00
# Visual Studio Version 16
VisualStudioVersion = 16.0.29728.190
MinimumVisualStudioVersion = 10.0.40219.1
Project("{FAE04EC0-301F-11D3-BF4B-00C04F79EFBC}") = "MicroChatSignalR", "MicroChatSignalR\MicroChatSignalR.csproj", "{EADD5A53-43C3-4E09-A883-9F93B2FE0AB6}"
EndProject
Global
	GlobalSection(SolutionConfigurationPlatforms) = preSolution
		Debug|Any CPU = Debug|Any CPU
		Release|Any CPU = Release|Any CPU
	EndGlobalSection
	GlobalSection(ProjectConfigurationPlatforms) = postSolution
		{EADD5A53-43C3-4E09-A883-9F93B2FE0AB6}.Debug|Any CPU.ActiveCfg = Debug|Any CPU
		{EADD5A53-43C3-4E09-A883-9F93B2FE0AB6}.Debug|Any CPU.Build.0 = Debug|Any CPU
		{EADD5A53-43C3-4E09-A883-9F93B2FE0AB6}.Release|Any CPU.ActiveCfg = Release|Any CPU
		{EADD5A53-43C3-4E09-A883-9F93B2FE0AB6}.Release|Any CPU.Build.0 = Release|Any CPU
	EndGlobalSection
	GlobalSection(SolutionProperties) = preSolution
		HideSolutionNode = FALSE
	EndGlobalSection
	GlobalSection(ExtensibilityGlobals) = postSolution
		SolutionGuid = {5D171A16-FA98-4CCA-B843-BD2CB49CF19B}
	EndGlobalSection
EndGlobal
